
Microsoft Visual Studio Solution File, Format Version 12.00
# Visual Studio Version 17
VisualStudioVersion = 17.9.34723.18
MinimumVisualStudioVersion = 10.0.40219.1
Project("{FAE04EC0-301F-11D3-BF4B-00C04F79EFBC}") = "LinkedArrayTiba", "LinkedArrayTiba\LinkedArrayTiba.csproj", "{7FF990C1-C46D-49EB-8D13-FC002A80D223}"
EndProject
Global
	GlobalSection(SolutionConfigurationPlatforms) = preSolution
		Debug|Any CPU = Debug|Any CPU
		Release|Any CPU = Release|Any CPU
	EndGlobalSection
	GlobalSection(ProjectConfigurationPlatforms) = postSolution
		{7FF990C1-C46D-49EB-8D13-FC002A80D223}.Debug|Any CPU.ActiveCfg = Debug|Any CPU
		{7FF990C1-C46D-49EB-8D13-FC002A80D223}.Debug|Any CPU.Build.0 = Debug|Any CPU
		{7FF990C1-C46D-49EB-8D13-FC002A80D223}.Release|Any CPU.ActiveCfg = Release|Any CPU
		{7FF990C1-C46D-49EB-8D13-FC002A80D223}.Release|Any CPU.Build.0 = Release|Any CPU
	EndGlobalSection
	GlobalSection(SolutionProperties) = preSolution
		HideSolutionNode = FALSE
	EndGlobalSection
	GlobalSection(ExtensibilityGlobals) = postSolution
		SolutionGuid = {D92803D9-0F54-4AA9-90C8-FAB68D5AC827}
	EndGlobalSection
EndGlobal
